{
  "name": "ql-parser-example",
  "version": "1.0.0",
  "lockfileVersion": 3,
  "requires": true,
  "packages": {
    "": {
      "name": "ql-parser-example",
      "version": "1.0.0",
      "license": "MIT",
      "dependencies": {
        "@abaktiar/ql-parser": "file:../../dist/parser"
      }
    },
    "../../dist/parser": {
      "name": "@abaktiar/ql-parser",
      "version": "1.3.0",
      "license": "MIT",
      "engines": {
        "node": ">=16.0.0"
      }
    },
    "node_modules/@abaktiar/ql-parser": {
      "resolved": "../../dist/parser",
      "link": true
    }
  }
}
